
Microsoft Visual Studio Solution File, Format Version 12.00
# Visual Studio Version 16
VisualStudioVersion = 16.0.33927.289
MinimumVisualStudioVersion = 10.0.40219.1
Project("{FAE04EC0-301F-11D3-BF4B-00C04F79EFBC}") = "ex1", "ex1\ex1.csproj", "{EA7786E5-FAE5-4F25-9F57-F34A2EB7264E}"
EndProject
Project("{FAE04EC0-301F-11D3-BF4B-00C04F79EFBC}") = "ex2", "ex2\ex2.csproj", "{BAA2AC0B-8370-4316-87DA-66E53852543F}"
EndProject
Project("{FAE04EC0-301F-11D3-BF4B-00C04F79EFBC}") = "ex3", "ex3\ex3.csproj", "{AB55DD36-35A5-4AA7-878D-1958E00EBAE4}"
EndProject
Project("{FAE04EC0-301F-11D3-BF4B-00C04F79EFBC}") = "ex4", "ex4\ex4.csproj", "{3E7BBC68-D3ED-45B5-9D58-F0928FC7BDB1}"
EndProject
Project("{FAE04EC0-301F-11D3-BF4B-00C04F79EFBC}") = "ex5", "ex5\ex5.csproj", "{86A26BA0-0F4F-494F-85C8-DE87B45E5FA7}"
EndProject
Project("{FAE04EC0-301F-11D3-BF4B-00C04F79EFBC}") = "ex6", "ex6\ex6.csproj", "{29A0E02F-30A6-4EDD-81A5-52D8B90F90AA}"
EndProject
Project("{FAE04EC0-301F-11D3-BF4B-00C04F79EFBC}") = "ex7", "ex7\ex7.csproj", "{C3C71A7A-5023-489D-AF1B-D130EB5D7072}"
EndProject
Global
	GlobalSection(SolutionConfigurationPlatforms) = preSolution
		Debug|Any CPU = Debug|Any CPU
		Release|Any CPU = Release|Any CPU
	EndGlobalSection
	GlobalSection(ProjectConfigurationPlatforms) = postSolution
		{EA7786E5-FAE5-4F25-9F57-F34A2EB7264E}.Debug|Any CPU.ActiveCfg = Debug|Any CPU
		{EA7786E5-FAE5-4F25-9F57-F34A2EB7264E}.Debug|Any CPU.Build.0 = Debug|Any CPU
		{EA7786E5-FAE5-4F25-9F57-F34A2EB7264E}.Release|Any CPU.ActiveCfg = Release|Any CPU
		{EA7786E5-FAE5-4F25-9F57-F34A2EB7264E}.Release|Any CPU.Build.0 = Release|Any CPU
		{BAA2AC0B-8370-4316-87DA-66E53852543F}.Debug|Any CPU.ActiveCfg = Debug|Any CPU
		{BAA2AC0B-8370-4316-87DA-66E53852543F}.Debug|Any CPU.Build.0 = Debug|Any CPU
		{BAA2AC0B-8370-4316-87DA-66E53852543F}.Release|Any CPU.ActiveCfg = Release|Any CPU
		{BAA2AC0B-8370-4316-87DA-66E53852543F}.Release|Any CPU.Build.0 = Release|Any CPU
		{AB55DD36-35A5-4AA7-878D-1958E00EBAE4}.Debug|Any CPU.ActiveCfg = Debug|Any CPU
		{AB55DD36-35A5-4AA7-878D-1958E00EBAE4}.Debug|Any CPU.Build.0 = Debug|Any CPU
		{AB55DD36-35A5-4AA7-878D-1958E00EBAE4}.Release|Any CPU.ActiveCfg = Release|Any CPU
		{AB55DD36-35A5-4AA7-878D-1958E00EBAE4}.Release|Any CPU.Build.0 = Release|Any CPU
		{3E7BBC68-D3ED-45B5-9D58-F0928FC7BDB1}.Debug|Any CPU.ActiveCfg = Debug|Any CPU
		{3E7BBC68-D3ED-45B5-9D58-F0928FC7BDB1}.Debug|Any CPU.Build.0 = Debug|Any CPU
		{3E7BBC68-D3ED-45B5-9D58-F0928FC7BDB1}.Release|Any CPU.ActiveCfg = Release|Any CPU
		{3E7BBC68-D3ED-45B5-9D58-F0928FC7BDB1}.Release|Any CPU.Build.0 = Release|Any CPU
		{86A26BA0-0F4F-494F-85C8-DE87B45E5FA7}.Debug|Any CPU.ActiveCfg = Debug|Any CPU
		{86A26BA0-0F4F-494F-85C8-DE87B45E5FA7}.Debug|Any CPU.Build.0 = Debug|Any CPU
		{86A26BA0-0F4F-494F-85C8-DE87B45E5FA7}.Release|Any CPU.ActiveCfg = Release|Any CPU
		{86A26BA0-0F4F-494F-85C8-DE87B45E5FA7}.Release|Any CPU.Build.0 = Release|Any CPU
		{29A0E02F-30A6-4EDD-81A5-52D8B90F90AA}.Debug|Any CPU.ActiveCfg = Debug|Any CPU
		{29A0E02F-30A6-4EDD-81A5-52D8B90F90AA}.Debug|Any CPU.Build.0 = Debug|Any CPU
		{29A0E02F-30A6-4EDD-81A5-52D8B90F90AA}.Release|Any CPU.ActiveCfg = Release|Any CPU
		{29A0E02F-30A6-4EDD-81A5-52D8B90F90AA}.Release|Any CPU.Build.0 = Release|Any CPU
		{C3C71A7A-5023-489D-AF1B-D130EB5D7072}.Debug|Any CPU.ActiveCfg = Debug|Any CPU
		{C3C71A7A-5023-489D-AF1B-D130EB5D7072}.Debug|Any CPU.Build.0 = Debug|Any CPU
		{C3C71A7A-5023-489D-AF1B-D130EB5D7072}.Release|Any CPU.ActiveCfg = Release|Any CPU
		{C3C71A7A-5023-489D-AF1B-D130EB5D7072}.Release|Any CPU.Build.0 = Release|Any CPU
	EndGlobalSection
	GlobalSection(SolutionProperties) = preSolution
		HideSolutionNode = FALSE
	EndGlobalSection
	GlobalSection(ExtensibilityGlobals) = postSolution
		SolutionGuid = {4256D9C0-E056-496E-A9C1-46EBA76F4D2F}
	EndGlobalSection
EndGlobal
