
Microsoft Visual Studio Solution File, Format Version 12.00
# Visual Studio Version 16
VisualStudioVersion = 16.0.34031.81
MinimumVisualStudioVersion = 10.0.40219.1
Project("{FAE04EC0-301F-11D3-BF4B-00C04F79EFBC}") = "Lesson6", "Lesson6\Lesson6.csproj", "{D525F49E-FE7D-4367-BD38-F8B649F509F0}"
EndProject
Project("{FAE04EC0-301F-11D3-BF4B-00C04F79EFBC}") = "Exercise2", "Exercise2\Exercise2.csproj", "{A8136931-A789-47A4-837C-CFB35668CE44}"
EndProject
Global
	GlobalSection(SolutionConfigurationPlatforms) = preSolution
		Debug|Any CPU = Debug|Any CPU
		Release|Any CPU = Release|Any CPU
	EndGlobalSection
	GlobalSection(ProjectConfigurationPlatforms) = postSolution
		{D525F49E-FE7D-4367-BD38-F8B649F509F0}.Debug|Any CPU.ActiveCfg = Debug|Any CPU
		{D525F49E-FE7D-4367-BD38-F8B649F509F0}.Debug|Any CPU.Build.0 = Debug|Any CPU
		{D525F49E-FE7D-4367-BD38-F8B649F509F0}.Release|Any CPU.ActiveCfg = Release|Any CPU
		{D525F49E-FE7D-4367-BD38-F8B649F509F0}.Release|Any CPU.Build.0 = Release|Any CPU
		{A8136931-A789-47A4-837C-CFB35668CE44}.Debug|Any CPU.ActiveCfg = Debug|Any CPU
		{A8136931-A789-47A4-837C-CFB35668CE44}.Debug|Any CPU.Build.0 = Debug|Any CPU
		{A8136931-A789-47A4-837C-CFB35668CE44}.Release|Any CPU.ActiveCfg = Release|Any CPU
		{A8136931-A789-47A4-837C-CFB35668CE44}.Release|Any CPU.Build.0 = Release|Any CPU
	EndGlobalSection
	GlobalSection(SolutionProperties) = preSolution
		HideSolutionNode = FALSE
	EndGlobalSection
	GlobalSection(ExtensibilityGlobals) = postSolution
		SolutionGuid = {56CF8FA7-04E3-456E-9593-CCC69C81E405}
	EndGlobalSection
EndGlobal
